{
  "name": "the-red-box",
  "version": "1.0.0",
  "lockfileVersion": 3,
  "requires": true,
  "packages": {
    "": {
      "name": "the-red-box",
      "version": "1.0.0",
      "license": "ISC",
      "dependencies": {
        "@xmldom/xmldom": "0.8.10"
      },
      "engines": {
        "node": ">=20"
      }
    },
    "node_modules/@xmldom/xmldom": {
      "version": "0.8.10",
      "resolved": "https://registry.npmjs.org/@xmldom/xmldom/-/xmldom-0.8.10.tgz",
      "integrity": "sha512-2WALfTl4ox/TqkFtPwYMT31mDPQCzNViBo9O7z5+aGYlMCSMvQNRR0Y3pPY1NeRtPSdRJbfmVKkJbXEjO3iA==",
      "engines": {
        "node": ">=10.0.0"
      }
    }
  }
}
